
Microsoft Visual Studio Solution File, Format Version 12.00
# Visual Studio 15
VisualStudioVersion = 15.0.28010.2041
MinimumVisualStudioVersion = 10.0.40219.1
Project("{9A19103F-16F7-4668-BE54-9A1E7A4F7556}") = "WebProject", "WebProject\WebProject.csproj", "{396EB9E9-ADC4-45FD-A887-BBC81FBDD417}"
EndProject
Global
	GlobalSection(SolutionConfigurationPlatforms) = preSolution
		Debug|Any CPU = Debug|Any CPU
		Release|Any CPU = Release|Any CPU
	EndGlobalSection
	GlobalSection(ProjectConfigurationPlatforms) = postSolution
		{396EB9E9-ADC4-45FD-A887-BBC81FBDD417}.Debug|Any CPU.ActiveCfg = Debug|Any CPU
		{396EB9E9-ADC4-45FD-A887-BBC81FBDD417}.Debug|Any CPU.Build.0 = Debug|Any CPU
		{396EB9E9-ADC4-45FD-A887-BBC81FBDD417}.Release|Any CPU.ActiveCfg = Release|Any CPU
		{396EB9E9-ADC4-45FD-A887-BBC81FBDD417}.Release|Any CPU.Build.0 = Release|Any CPU
	EndGlobalSection
	GlobalSection(SolutionProperties) = preSolution
		HideSolutionNode = FALSE
	EndGlobalSection
	GlobalSection(ExtensibilityGlobals) = postSolution
		SolutionGuid = {4C2EC88B-258D-4D63-ABC1-FD9F06ED151D}
	EndGlobalSection
EndGlobal
